// !$*UTF8*$!
{
	archiveVersion = 1;
	classes = {
	};
	objectVersion = 50;
	objects = {

/* Begin PBXBuildFile section */
		3512312C24D5114D00F2C189 /* AppDelegate.swift in Sources */ = {isa = PBXBuildFile; fileRef = 3512312B24D5114D00F2C189 /* AppDelegate.swift */; };
		3512312E24D5114D00F2C189 /* SceneDelegate.swift in Sources */ = {isa = PBXBuildFile; fileRef = 3512312D24D5114D00F2C189 /* SceneDelegate.swift */; };
		3512313024D5114D00F2C189 /* ViewController.swift in Sources */ = {isa = PBXBuildFile; fileRef = 3512312F24D5114D00F2C189 /* ViewController.swift */; };
		3512313324D5114D00F2C189 /* Main.storyboard in Resources */ = {isa = PBXBuildFile; fileRef = 3512313124D5114D00F2C189 /* Main.storyboard */; };
		3512313524D5114F00F2C189 /* Assets.xcassets in Resources */ = {isa = PBXBuildFile; fileRef = 3512313424D5114F00F2C189 /* Assets.xcassets */; };
		3512313824D5114F00F2C189 /* LaunchScreen.storyboard in Resources */ = {isa = PBXBuildFile; fileRef = 3512313624D5114F00F2C189 /* LaunchScreen.storyboard */; };
/* End PBXBuildFile section */

/* Begin PBXFileReference section */
		3512312824D5114D00F2C189 /* Testwork - Novosib.app */ = {isa = PBXFileReference; explicitFileType = wrapper.application; includeInIndex = 0; path = "Testwork - Novosib.app"; sourceTree = BUILT_PRODUCTS_DIR; };
		3512312B24D5114D00F2C189 /* AppDelegate.swift */ = {isa = PBXFileReference; lastKnownFileType = sourcecode.swift; path = AppDelegate.swift; sourceTree = "<group>"; };
		3512312D24D5114D00F2C189 /* SceneDelegate.swift */ = {isa = PBXFileReference; lastKnownFileType = sourcecode.swift; path = SceneDelegate.swift; sourceTree = "<group>"; };
		3512312F24D5114D00F2C189 /* ViewController.swift */ = {isa = PBXFileReference; lastKnownFileType = sourcecode.swift; path = ViewController.swift; sourceTree = "<group>"; };
		3512313224D5114D00F2C189 /* Base */ = {isa = PBXFileReference; lastKnownFileType = file.storyboard; name = Base; path = Base.lproj/Main.storyboard; sourceTree = "<group>"; };
		3512313424D5114F00F2C189 /* Assets.xcassets */ = {isa = PBXFileReference; lastKnownFileType = folder.assetcatalog; path = Assets.xcassets; sourceTree = "<group>"; };
		3512313724D5114F00F2C189 /* Base */ = {isa = PBXFileReference; lastKnownFileType = file.storyboard; name = Base; path = Base.lproj/LaunchScreen.storyboard; sourceTree = "<group>"; };
		3512313924D5114F00F2C189 /* Info.plist */ = {isa = PBXFileReference; lastKnownFileType = text.plist.xml; path = Info.plist; sourceTree = "<group>"; };
/* End PBXFileReference section */

/* Begin PBXFrameworksBuildPhase section */
		3512312524D5114D00F2C189 /* Frameworks */ = {
			isa = PBXFrameworksBuildPhase;
			buildActionMask = 2147483647;
			files = (
			);
			runOnlyForDeploymentPostprocessing = 0;
		};
/* End PBXFrameworksBuildPhase section */

/* Begin PBXGroup section */
		3512311F24D5114D00F2C189 = {
			isa = PBXGroup;
			children = (
				3512312A24D5114D00F2C189 /* Testwork - Novosib */,
				3512312924D5114D00F2C189 /* Products */,
			);
			sourceTree = "<group>";
		};
		3512312924D5114D00F2C189 /* Products */ = {
			isa = PBXGroup;
			children = (
				3512312824D5114D00F2C189 /* Testwork - Novosib.app */,
			);
			name = Products;
			sourceTree = "<group>";
		};
		3512312A24D5114D00F2C189 /* Testwork - Novosib */ = {
			isa = PBXGroup;
			children = (
				3512312B24D5114D00F2C189 /* AppDelegate.swift */,
				3512312D24D5114D00F2C189 /* SceneDelegate.swift */,
				3512312F24D5114D00F2C189 /* ViewController.swift */,
				3512313124D5114D00F2C189 /* Main.storyboard */,
				3512313424D5114F00F2C189 /* Assets.xcassets */,
				3512313624D5114F00F2C189 /* LaunchScreen.storyboard */,
				3512313924D5114F00F2C189 /* Info.plist */,
			);
			path = "Testwork - Novosib";
			sourceTree = "<group>";
		};
/* End PBXGroup section */

/* Begin PBXNativeTarget section */
		3512312724D5114D00F2C189 /* Testwork - Novosib */ = {
			isa = PBXNativeTarget;
			buildConfigurationList = 3512313C24D5114F00F2C189 /* Build configuration list for PBXNativeTarget "Testwork - Novosib" */;
			buildPhases = (
				3512312424D5114D00F2C189 /* Sources */,
				3512312524D5114D00F2C189 /* Frameworks */,
				3512312624D5114D00F2C189 /* Resources */,
			);
			buildRules = (
			);
			dependencies = (
			);
			name = "Testwork - Novosib";
			productName = "Testwork - Novosib";
			productReference = 3512312824D5114D00F2C189 /* Testwork - Novosib.app */;
			productType = "com.apple.product-type.application";
		};
/* End PBXNativeTarget section */

/* Begin PBXProject section */
		3512312024D5114D00F2C189 /* Project object */ = {
			isa = PBXProject;
			attributes = {
				LastSwiftUpdateCheck = 1160;
				LastUpgradeCheck = 1160;
				ORGANIZATIONNAME = "Зоригто Бадмаин";
				TargetAttributes = {
					3512312724D5114D00F2C189 = {
						CreatedOnToolsVersion = 11.6;
					};
				};
			};
			buildConfigurationList = 3512312324D5114D00F2C189 /* Build configuration list for PBXProject "Testwork - Novosib" */;
			compatibilityVersion = "Xcode 9.3";
			developmentRegion = en;
			hasScannedForEncodings = 0;
			knownRegions = (
				en,
				Base,
			);
			mainGroup = 3512311F24D5114D00F2C189;
			productRefGroup = 3512312924D5114D00F2C189 /* Products */;
			projectDirPath = "";
			projectRoot = "";
			targets = (
				3512312724D5114D00F2C189 /* Testwork - Novosib */,
			);
		};
/* End PBXProject section */

/* Begin PBXResourcesBuildPhase section */
		3512312624D5114D00F2C189 /* Resources */ = {
			isa = PBXResourcesBuildPhase;
			buildActionMask = 2147483647;
			files = (
				3512313824D5114F00F2C189 /* LaunchScreen.storyboard in Resources */,
				3512313524D5114F00F2C189 /* Assets.xcassets in Resources */,
				3512313324D5114D00F2C189 /* Main.storyboard in Resources */,
			);
			runOnlyForDeploymentPostprocessing = 0;
		};
/* End PBXResourcesBuildPhase section */

/* Begin PBXSourcesBuildPhase section */
		3512312424D5114D00F2C189 /* Sources */ = {
			isa = PBXSourcesBuildPhase;
			buildActionMask = 2147483647;
			files = (
				3512313024D5114D00F2C189 /* ViewController.swift in Sources */,
				3512312C24D5114D00F2C189 /* AppDelegate.swift in Sources */,
				3512312E24D5114D00F2C189 /* SceneDelegate.swift in Sources */,
			);
			runOnlyForDeploymentPostprocessing = 0;
		};
/* End PBXSourcesBuildPhase section */

/* Begin PBXVariantGroup section */
		3512313124D5114D00F2C189 /* Main.storyboard */ = {
			isa = PBXVariantGroup;
			children = (
				3512313224D5114D00F2C189 /* Base */,
			);
			name = Main.storyboard;
			sourceTree = "<group>";
		};
		3512313624D5114F00F2C189 /* LaunchScreen.storyboard */ = {
			isa = PBXVariantGroup;
			children = (
				3512313724D5114F00F2C189 /* Base */,
			);
			name = LaunchScreen.storyboard;
			sourceTree = "<group>";
		};
/* End PBXVariantGroup section */

/* Begin XCBuildConfiguration section */
		3512313A24D5114F00F2C189 /* Debug */ = {
			isa = XCBuildConfiguration;
			buildSettings = {
				ALWAYS_SEARCH_USER_PATHS = NO;
				CLANG_ANALYZER_NONNULL = YES;
				CLANG_ANALYZER_NUMBER_OBJECT_CONVERSION = YES_AGGRESSIVE;
				CLANG_CXX_LANGUAGE_STANDARD = "gnu++14";
				CLANG_CXX_LIBRARY = "libc++";
				CLANG_ENABLE_MODULES = YES;
				CLANG_ENABLE_OBJC_ARC = YES;
				CLANG_ENABLE_OBJC_WEAK = YES;
				CLANG_WARN_BLOCK_CAPTURE_AUTORELEASING = YES;
				CLANG_WARN_BOOL_CONVERSION = YES;
				CLANG_WARN_COMMA = YES;
				CLANG_WARN_CONSTANT_CONVERSION = YES;
				CLANG_WARN_DEPRECATED_OBJC_IMPLEMENTATIONS = YES;
				CLANG_WARN_DIRECT_OBJC_ISA_USAGE = YES_ERROR;
				CLANG_WARN_DOCUMENTATION_COMMENTS = YES;
				CLANG_WARN_EMPTY_BODY = YES;
				CLANG_WARN_ENUM_CONVERSION = YES;
				CLANG_WARN_INFINITE_RECURSION = YES;
				CLANG_WARN_INT_CONVERSION = YES;
				CLANG_WARN_NON_LITERAL_NULL_CONVERSION = YES;
				CLANG_WARN_OBJC_IMPLICIT_RETAIN_SELF = YES;
				CLANG_WARN_OBJC_LITERAL_CONVERSION = YES;
				CLANG_WARN_OBJC_ROOT_CLASS = YES_ERROR;
				CLANG_WARN_RANGE_LOOP_ANALYSIS = YES;
				CLANG_WARN_STRICT_PROTOTYPES = YES;
				CLANG_WARN_SUSPICIOUS_MOVE = YES;
				CLANG_WARN_UNGUARDED_AVAILABILITY = YES_AGGRESSIVE;
				CLANG_WARN_UNREACHABLE_CODE = YES;
				CLANG_WARN__DUPLICATE_METHOD_MATCH = YES;
				COPY_PHASE_STRIP = NO;
				DEBUG_INFORMATION_FORMAT = dwarf;
				ENABLE_STRICT_OBJC_MSGSEND = YES;
				ENABLE_TESTABILITY = YES;
				GCC_C_LANGUAGE_STANDARD = gnu11;
				GCC_DYNAMIC_NO_PIC = NO;
				GCC_NO_COMMON_BLOCKS = YES;
				GCC_OPTIMIZATION_LEVEL = 0;
				GCC_PREPROCESSOR_DEFINITIONS = (
					"DEBUG=1",
					"$(inherited)",
				);
				GCC_WARN_64_TO_32_BIT_CONVERSION = YES;
				GCC_WARN_ABOUT_RETURN_TYPE = YES_ERROR;
				GCC_WARN_UNDECLARED_SELECTOR = YES;
				GCC_WARN_UNINITIALIZED_AUTOS = YES_AGGRESSIVE;
				GCC_WARN_UNUSED_FUNCTION = YES;
				GCC_WARN_UNUSED_VARIABLE = YES;
				IPHONEOS_DEPLOYMENT_TARGET = 13.6;
				MTL_ENABLE_DEBUG_INFO = INCLUDE_SOURCE;
				MTL_FAST_MATH = YES;
				ONLY_ACTIVE_ARCH = YES;
				SDKROOT = iphoneos;
				SWIFT_ACTIVE_COMPILATION_CONDITIONS = DEBUG;
				SWIFT_OPTIMIZATION_LEVEL = "-Onone";
			};
			name = Debug;
		};
		3512313B24D5114F00F2C189 /* Release */ = {
			isa = XCBuildConfiguration;
			buildSettings = {
				ALWAYS_SEARCH_USER_PATHS = NO;
				CLANG_ANALYZER_NONNULL = YES;
				CLANG_ANALYZER_NUMBER_OBJECT_CONVERSION = YES_AGGRESSIVE;
				CLANG_CXX_LANGUAGE_STANDARD = "gnu++14";
				CLANG_CXX_LIBRARY = "libc++";
				CLANG_ENABLE_MODULES = YES;
				CLANG_ENABLE_OBJC_ARC = YES;
				CLANG_ENABLE_OBJC_WEAK = YES;
				CLANG_WARN_BLOCK_CAPTURE_AUTORELEASING = YES;
				CLANG_WARN_BOOL_CONVERSION = YES;
				CLANG_WARN_COMMA = YES;
				CLANG_WARN_CONSTANT_CONVERSION = YES;
				CLANG_WARN_DEPRECATED_OBJC_IMPLEMENTATIONS = YES;
				CLANG_WARN_DIRECT_OBJC_ISA_USAGE = YES_ERROR;
				CLANG_WARN_DOCUMENTATION_COMMENTS = YES;
				CLANG_WARN_EMPTY_BODY = YES;
				CLANG_WARN_ENUM_CONVERSION = YES;
				CLANG_WARN_INFINITE_RECURSION = YES;
				CLANG_WARN_INT_CONVERSION = YES;
				CLANG_WARN_NON_LITERAL_NULL_CONVERSION = YES;
				CLANG_WARN_OBJC_IMPLICIT_RETAIN_SELF = YES;
				CLANG_WARN_OBJC_LITERAL_CONVERSION = YES;
				CLANG_WARN_OBJC_ROOT_CLASS = YES_ERROR;
				CLANG_WARN_RANGE_LOOP_ANALYSIS = YES;
				CLANG_WARN_STRICT_PROTOTYPES = YES;
				CLANG_WARN_SUSPICIOUS_MOVE = YES;
				CLANG_WARN_UNGUARDED_AVAILABILITY = YES_AGGRESSIVE;
				CLANG_WARN_UNREACHABLE_CODE = YES;
				CLANG_WARN__DUPLICATE_METHOD_MATCH = YES;
				COPY_PHASE_STRIP = NO;
				DEBUG_INFORMATION_FORMAT = "dwarf-with-dsym";
				ENABLE_NS_ASSERTIONS = NO;
				ENABLE_STRICT_OBJC_MSGSEND = YES;
				GCC_C_LANGUAGE_STANDARD = gnu11;
				GCC_NO_COMMON_BLOCKS = YES;
				GCC_WARN_64_TO_32_BIT_CONVERSION = YES;
				GCC_WARN_ABOUT_RETURN_TYPE = YES_ERROR;
				GCC_WARN_UNDECLARED_SELECTOR = YES;
				GCC_WARN_UNINITIALIZED_AUTOS = YES_AGGRESSIVE;
				GCC_WARN_UNUSED_FUNCTION = YES;
				GCC_WARN_UNUSED_VARIABLE = YES;
				IPHONEOS_DEPLOYMENT_TARGET = 13.6;
				MTL_ENABLE_DEBUG_INFO = NO;
				MTL_FAST_MATH = YES;
				SDKROOT = iphoneos;
				SWIFT_COMPILATION_MODE = wholemodule;
				SWIFT_OPTIMIZATION_LEVEL = "-O";
				VALIDATE_PRODUCT = YES;
			};
			name = Release;
		};
		3512313D24D5114F00F2C189 /* Debug */ = {
			isa = XCBuildConfiguration;
			buildSettings = {
				ASSETCATALOG_COMPILER_APPICON_NAME = AppIcon;
				CODE_SIGN_STYLE = Automatic;
				INFOPLIST_FILE = "Testwork - Novosib/Info.plist";
				LD_RUNPATH_SEARCH_PATHS = (
					"$(inherited)",
					"@executable_path/Frameworks",
				);
				PRODUCT_BUNDLE_IDENTIFIER = "badmain.Testwork---Novosib";
				PRODUCT_NAME = "$(TARGET_NAME)";
				SWIFT_VERSION = 5.0;
				TARGETED_DEVICE_FAMILY = "1,2";
			};
			name = Debug;
		};
		3512313E24D5114F00F2C189 /* Release */ = {
			isa = XCBuildConfiguration;
			buildSettings = {
				ASSETCATALOG_COMPILER_APPICON_NAME = AppIcon;
				CODE_SIGN_STYLE = Automatic;
				INFOPLIST_FILE = "Testwork - Novosib/Info.plist";
				LD_RUNPATH_SEARCH_PATHS = (
					"$(inherited)",
					"@executable_path/Frameworks",
				);
				PRODUCT_BUNDLE_IDENTIFIER = "badmain.Testwork---Novosib";
				PRODUCT_NAME = "$(TARGET_NAME)";
				SWIFT_VERSION = 5.0;
				TARGETED_DEVICE_FAMILY = "1,2";
			};
			name = Release;
		};
/* End XCBuildConfiguration section */

/* Begin XCConfigurationList section */
		3512312324D5114D00F2C189 /* Build configuration list for PBXProject "Testwork - Novosib" */ = {
			isa = XCConfigurationList;
			buildConfigurations = (
				3512313A24D5114F00F2C189 /* Debug */,
				3512313B24D5114F00F2C189 /* Release */,
			);
			defaultConfigurationIsVisible = 0;
			defaultConfigurationName = Release;
		};
		3512313C24D5114F00F2C189 /* Build configuration list for PBXNativeTarget "Testwork - Novosib" */ = {
			isa = XCConfigurationList;
			buildConfigurations = (
				3512313D24D5114F00F2C189 /* Debug */,
				3512313E24D5114F00F2C189 /* Release */,
			);
			defaultConfigurationIsVisible = 0;
			defaultConfigurationName = Release;
		};
/* End XCConfigurationList section */
	};
	rootObject = 3512312024D5114D00F2C189 /* Project object */;
}
